<Solution>
  <Project Path="TaskFlow.API/TaskFlow.API.csproj" />
  <Project Path="TaskFlow.Application/TaskFlow.Application.csproj" />
  <Project Path="TaskFlow.Domain/TaskFlow.Domain.csproj" />
  <Project Path="TaskFlow.Infrastructure/TaskFlow.Infrastructure.csproj" />
  <Project Path="TaskFlow.UnitTests/TaskFlow.UnitTests.csproj" Id="4d863738-7988-4494-8ce7-d97c1ef4fcc1" />
</Solution>
